// !$*UTF8*$!
{
	archiveVersion = 1;
	classes = {
	};
	objectVersion = 56;
	objects = {

/* Begin PBXBuildFile section */
		042391EA2B4F037800C981D4 /* ClockAppApp.swift in Sources */ = {isa = PBXBuildFile; fileRef = 042391E92B4F037800C981D4 /* ClockAppApp.swift */; };
		042391EC2B4F037800C981D4 /* ContentView.swift in Sources */ = {isa = PBXBuildFile; fileRef = 042391EB2B4F037800C981D4 /* ContentView.swift */; };
		042391EE2B4F037A00C981D4 /* Assets.xcassets in Resources */ = {isa = PBXBuildFile; fileRef = 042391ED2B4F037A00C981D4 /* Assets.xcassets */; };
		042391F12B4F037A00C981D4 /* Preview Assets.xcassets in Resources */ = {isa = PBXBuildFile; fileRef = 042391F02B4F037A00C981D4 /* Preview Assets.xcassets */; };
		042391FC2B4F04B200C981D4 /* SettingView.swift in Sources */ = {isa = PBXBuildFile; fileRef = 042391FB2B4F04B200C981D4 /* SettingView.swift */; };
		042391FE2B4F04BD00C981D4 /* ListView.swift in Sources */ = {isa = PBXBuildFile; fileRef = 042391FD2B4F04BD00C981D4 /* ListView.swift */; };
		042392002B4F04D300C981D4 /* ClockView.swift in Sources */ = {isa = PBXBuildFile; fileRef = 042391FF2B4F04D300C981D4 /* ClockView.swift */; };
		042392022B4F12A100C981D4 /* TabBar_View.swift in Sources */ = {isa = PBXBuildFile; fileRef = 042392012B4F12A100C981D4 /* TabBar_View.swift */; };
/* End PBXBuildFile section */

/* Begin PBXFileReference section */
		042391E62B4F037800C981D4 /* ClockApp.app */ = {isa = PBXFileReference; explicitFileType = wrapper.application; includeInIndex = 0; path = ClockApp.app; sourceTree = BUILT_PRODUCTS_DIR; };
		042391E92B4F037800C981D4 /* ClockAppApp.swift */ = {isa = PBXFileReference; lastKnownFileType = sourcecode.swift; path = ClockAppApp.swift; sourceTree = "<group>"; };
		042391EB2B4F037800C981D4 /* ContentView.swift */ = {isa = PBXFileReference; lastKnownFileType = sourcecode.swift; path = ContentView.swift; sourceTree = "<group>"; };
		042391ED2B4F037A00C981D4 /* Assets.xcassets */ = {isa = PBXFileReference; lastKnownFileType = folder.assetcatalog; path = Assets.xcassets; sourceTree = "<group>"; };
		042391F02B4F037A00C981D4 /* Preview Assets.xcassets */ = {isa = PBXFileReference; lastKnownFileType = folder.assetcatalog; path = "Preview Assets.xcassets"; sourceTree = "<group>"; };
		042391FB2B4F04B200C981D4 /* SettingView.swift */ = {isa = PBXFileReference; lastKnownFileType = sourcecode.swift; path = SettingView.swift; sourceTree = "<group>"; };
		042391FD2B4F04BD00C981D4 /* ListView.swift */ = {isa = PBXFileReference; lastKnownFileType = sourcecode.swift; path = ListView.swift; sourceTree = "<group>"; };
		042391FF2B4F04D300C981D4 /* ClockView.swift */ = {isa = PBXFileReference; lastKnownFileType = sourcecode.swift; path = ClockView.swift; sourceTree = "<group>"; };
		042392012B4F12A100C981D4 /* TabBar_View.swift */ = {isa = PBXFileReference; fileEncoding = 4; lastKnownFileType = sourcecode.swift; path = TabBar_View.swift; sourceTree = "<group>"; };
/* End PBXFileReference section */

/* Begin PBXFrameworksBuildPhase section */
		042391E32B4F037800C981D4 /* Frameworks */ = {
			isa = PBXFrameworksBuildPhase;
			buildActionMask = 2147483647;
			files = (
			);
			runOnlyForDeploymentPostprocessing = 0;
		};
/* End PBXFrameworksBuildPhase section */

/* Begin PBXGroup section */
		042391DD2B4F037800C981D4 = {
			isa = PBXGroup;
			children = (
				042391E82B4F037800C981D4 /* ClockApp */,
				042391E72B4F037800C981D4 /* Products */,
			);
			sourceTree = "<group>";
		};
		042391E72B4F037800C981D4 /* Products */ = {
			isa = PBXGroup;
			children = (
				042391E62B4F037800C981D4 /* ClockApp.app */,
			);
			name = Products;
			sourceTree = "<group>";
		};
		042391E82B4F037800C981D4 /* ClockApp */ = {
			isa = PBXGroup;
			children = (
				042391F72B4F040400C981D4 /* App */,
				042391F82B4F040E00C981D4 /* Root */,
				042391FA2B4F047900C981D4 /* TabView */,
				042391F92B4F043500C981D4 /* Views */,
				042391ED2B4F037A00C981D4 /* Assets.xcassets */,
				042391EF2B4F037A00C981D4 /* Preview Content */,
			);
			path = ClockApp;
			sourceTree = "<group>";
		};
		042391EF2B4F037A00C981D4 /* Preview Content */ = {
			isa = PBXGroup;
			children = (
				042391F02B4F037A00C981D4 /* Preview Assets.xcassets */,
			);
			path = "Preview Content";
			sourceTree = "<group>";
		};
		042391F72B4F040400C981D4 /* App */ = {
			isa = PBXGroup;
			children = (
				042391E92B4F037800C981D4 /* ClockAppApp.swift */,
			);
			path = App;
			sourceTree = "<group>";
		};
		042391F82B4F040E00C981D4 /* Root */ = {
			isa = PBXGroup;
			children = (
				042391EB2B4F037800C981D4 /* ContentView.swift */,
			);
			path = Root;
			sourceTree = "<group>";
		};
		042391F92B4F043500C981D4 /* Views */ = {
			isa = PBXGroup;
			children = (
				042391FF2B4F04D300C981D4 /* ClockView.swift */,
				042391FD2B4F04BD00C981D4 /* ListView.swift */,
				042391FB2B4F04B200C981D4 /* SettingView.swift */,
			);
			path = Views;
			sourceTree = "<group>";
		};
		042391FA2B4F047900C981D4 /* TabView */ = {
			isa = PBXGroup;
			children = (
				042392012B4F12A100C981D4 /* TabBar_View.swift */,
			);
			path = TabView;
			sourceTree = "<group>";
		};
/* End PBXGroup section */

/* Begin PBXNativeTarget section */
		042391E52B4F037800C981D4 /* ClockApp */ = {
			isa = PBXNativeTarget;
			buildConfigurationList = 042391F42B4F037A00C981D4 /* Build configuration list for PBXNativeTarget "ClockApp" */;
			buildPhases = (
				042391E22B4F037800C981D4 /* Sources */,
				042391E32B4F037800C981D4 /* Frameworks */,
				042391E42B4F037800C981D4 /* Resources */,
			);
			buildRules = (
			);
			dependencies = (
			);
			name = ClockApp;
			productName = ClockApp;
			productReference = 042391E62B4F037800C981D4 /* ClockApp.app */;
			productType = "com.apple.product-type.application";
		};
/* End PBXNativeTarget section */

/* Begin PBXProject section */
		042391DE2B4F037800C981D4 /* Project object */ = {
			isa = PBXProject;
			attributes = {
				BuildIndependentTargetsInParallel = 1;
				LastSwiftUpdateCheck = 1500;
				LastUpgradeCheck = 1500;
				TargetAttributes = {
					042391E52B4F037800C981D4 = {
						CreatedOnToolsVersion = 15.0.1;
					};
				};
			};
			buildConfigurationList = 042391E12B4F037800C981D4 /* Build configuration list for PBXProject "ClockApp" */;
			compatibilityVersion = "Xcode 14.0";
			developmentRegion = en;
			hasScannedForEncodings = 0;
			knownRegions = (
				en,
				Base,
			);
			mainGroup = 042391DD2B4F037800C981D4;
			productRefGroup = 042391E72B4F037800C981D4 /* Products */;
			projectDirPath = "";
			projectRoot = "";
			targets = (
				042391E52B4F037800C981D4 /* ClockApp */,
			);
		};
/* End PBXProject section */

/* Begin PBXResourcesBuildPhase section */
		042391E42B4F037800C981D4 /* Resources */ = {
			isa = PBXResourcesBuildPhase;
			buildActionMask = 2147483647;
			files = (
				042391F12B4F037A00C981D4 /* Preview Assets.xcassets in Resources */,
				042391EE2B4F037A00C981D4 /* Assets.xcassets in Resources */,
			);
			runOnlyForDeploymentPostprocessing = 0;
		};
/* End PBXResourcesBuildPhase section */

/* Begin PBXSourcesBuildPhase section */
		042391E22B4F037800C981D4 /* Sources */ = {
			isa = PBXSourcesBuildPhase;
			buildActionMask = 2147483647;
			files = (
				042391FE2B4F04BD00C981D4 /* ListView.swift in Sources */,
				042392002B4F04D300C981D4 /* ClockView.swift in Sources */,
				042392022B4F12A100C981D4 /* TabBar_View.swift in Sources */,
				042391FC2B4F04B200C981D4 /* SettingView.swift in Sources */,
				042391EC2B4F037800C981D4 /* ContentView.swift in Sources */,
				042391EA2B4F037800C981D4 /* ClockAppApp.swift in Sources */,
			);
			runOnlyForDeploymentPostprocessing = 0;
		};
/* End PBXSourcesBuildPhase section */

/* Begin XCBuildConfiguration section */
		042391F22B4F037A00C981D4 /* Debug */ = {
			isa = XCBuildConfiguration;
			buildSettings = {
				ALWAYS_SEARCH_USER_PATHS = NO;
				ASSETCATALOG_COMPILER_GENERATE_SWIFT_ASSET_SYMBOL_EXTENSIONS = YES;
				CLANG_ANALYZER_NONNULL = YES;
				CLANG_ANALYZER_NUMBER_OBJECT_CONVERSION = YES_AGGRESSIVE;
				CLANG_CXX_LANGUAGE_STANDARD = "gnu++20";
				CLANG_ENABLE_MODULES = YES;
				CLANG_ENABLE_OBJC_ARC = YES;
				CLANG_ENABLE_OBJC_WEAK = YES;
				CLANG_WARN_BLOCK_CAPTURE_AUTORELEASING = YES;
				CLANG_WARN_BOOL_CONVERSION = YES;
				CLANG_WARN_COMMA = YES;
				CLANG_WARN_CONSTANT_CONVERSION = YES;
				CLANG_WARN_DEPRECATED_OBJC_IMPLEMENTATIONS = YES;
				CLANG_WARN_DIRECT_OBJC_ISA_USAGE = YES_ERROR;
				CLANG_WARN_DOCUMENTATION_COMMENTS = YES;
				CLANG_WARN_EMPTY_BODY = YES;
				CLANG_WARN_ENUM_CONVERSION = YES;
				CLANG_WARN_INFINITE_RECURSION = YES;
				CLANG_WARN_INT_CONVERSION = YES;
				CLANG_WARN_NON_LITERAL_NULL_CONVERSION = YES;
				CLANG_WARN_OBJC_IMPLICIT_RETAIN_SELF = YES;
				CLANG_WARN_OBJC_LITERAL_CONVERSION = YES;
				CLANG_WARN_OBJC_ROOT_CLASS = YES_ERROR;
				CLANG_WARN_QUOTED_INCLUDE_IN_FRAMEWORK_HEADER = YES;
				CLANG_WARN_RANGE_LOOP_ANALYSIS = YES;
				CLANG_WARN_STRICT_PROTOTYPES = YES;
				CLANG_WARN_SUSPICIOUS_MOVE = YES;
				CLANG_WARN_UNGUARDED_AVAILABILITY = YES_AGGRESSIVE;
				CLANG_WARN_UNREACHABLE_CODE = YES;
				CLANG_WARN__DUPLICATE_METHOD_MATCH = YES;
				COPY_PHASE_STRIP = NO;
				DEBUG_INFORMATION_FORMAT = dwarf;
				ENABLE_STRICT_OBJC_MSGSEND = YES;
				ENABLE_TESTABILITY = YES;
				ENABLE_USER_SCRIPT_SANDBOXING = YES;
				GCC_C_LANGUAGE_STANDARD = gnu17;
				GCC_DYNAMIC_NO_PIC = NO;
				GCC_NO_COMMON_BLOCKS = YES;
				GCC_OPTIMIZATION_LEVEL = 0;
				GCC_PREPROCESSOR_DEFINITIONS = (
					"DEBUG=1",
					"$(inherited)",
				);
				GCC_WARN_64_TO_32_BIT_CONVERSION = YES;
				GCC_WARN_ABOUT_RETURN_TYPE = YES_ERROR;
				GCC_WARN_UNDECLARED_SELECTOR = YES;
				GCC_WARN_UNINITIALIZED_AUTOS = YES_AGGRESSIVE;
				GCC_WARN_UNUSED_FUNCTION = YES;
				GCC_WARN_UNUSED_VARIABLE = YES;
				IPHONEOS_DEPLOYMENT_TARGET = 17.0;
				LOCALIZATION_PREFERS_STRING_CATALOGS = YES;
				MTL_ENABLE_DEBUG_INFO = INCLUDE_SOURCE;
				MTL_FAST_MATH = YES;
				ONLY_ACTIVE_ARCH = YES;
				SDKROOT = iphoneos;
				SWIFT_ACTIVE_COMPILATION_CONDITIONS = "DEBUG $(inherited)";
				SWIFT_OPTIMIZATION_LEVEL = "-Onone";
			};
			name = Debug;
		};
		042391F32B4F037A00C981D4 /* Release */ = {
			isa = XCBuildConfiguration;
			buildSettings = {
				ALWAYS_SEARCH_USER_PATHS = NO;
				ASSETCATALOG_COMPILER_GENERATE_SWIFT_ASSET_SYMBOL_EXTENSIONS = YES;
				CLANG_ANALYZER_NONNULL = YES;
				CLANG_ANALYZER_NUMBER_OBJECT_CONVERSION = YES_AGGRESSIVE;
				CLANG_CXX_LANGUAGE_STANDARD = "gnu++20";
				CLANG_ENABLE_MODULES = YES;
				CLANG_ENABLE_OBJC_ARC = YES;
				CLANG_ENABLE_OBJC_WEAK = YES;
				CLANG_WARN_BLOCK_CAPTURE_AUTORELEASING = YES;
				CLANG_WARN_BOOL_CONVERSION = YES;
				CLANG_WARN_COMMA = YES;
				CLANG_WARN_CONSTANT_CONVERSION = YES;
				CLANG_WARN_DEPRECATED_OBJC_IMPLEMENTATIONS = YES;
				CLANG_WARN_DIRECT_OBJC_ISA_USAGE = YES_ERROR;
				CLANG_WARN_DOCUMENTATION_COMMENTS = YES;
				CLANG_WARN_EMPTY_BODY = YES;
				CLANG_WARN_ENUM_CONVERSION = YES;
				CLANG_WARN_INFINITE_RECURSION = YES;
				CLANG_WARN_INT_CONVERSION = YES;
				CLANG_WARN_NON_LITERAL_NULL_CONVERSION = YES;
				CLANG_WARN_OBJC_IMPLICIT_RETAIN_SELF = YES;
				CLANG_WARN_OBJC_LITERAL_CONVERSION = YES;
				CLANG_WARN_OBJC_ROOT_CLASS = YES_ERROR;
				CLANG_WARN_QUOTED_INCLUDE_IN_FRAMEWORK_HEADER = YES;
				CLANG_WARN_RANGE_LOOP_ANALYSIS = YES;
				CLANG_WARN_STRICT_PROTOTYPES = YES;
				CLANG_WARN_SUSPICIOUS_MOVE = YES;
				CLANG_WARN_UNGUARDED_AVAILABILITY = YES_AGGRESSIVE;
				CLANG_WARN_UNREACHABLE_CODE = YES;
				CLANG_WARN__DUPLICATE_METHOD_MATCH = YES;
				COPY_PHASE_STRIP = NO;
				DEBUG_INFORMATION_FORMAT = "dwarf-with-dsym";
				ENABLE_NS_ASSERTIONS = NO;
				ENABLE_STRICT_OBJC_MSGSEND = YES;
				ENABLE_USER_SCRIPT_SANDBOXING = YES;
				GCC_C_LANGUAGE_STANDARD = gnu17;
				GCC_NO_COMMON_BLOCKS = YES;
				GCC_WARN_64_TO_32_BIT_CONVERSION = YES;
				GCC_WARN_ABOUT_RETURN_TYPE = YES_ERROR;
				GCC_WARN_UNDECLARED_SELECTOR = YES;
				GCC_WARN_UNINITIALIZED_AUTOS = YES_AGGRESSIVE;
				GCC_WARN_UNUSED_FUNCTION = YES;
				GCC_WARN_UNUSED_VARIABLE = YES;
				IPHONEOS_DEPLOYMENT_TARGET = 17.0;
				LOCALIZATION_PREFERS_STRING_CATALOGS = YES;
				MTL_ENABLE_DEBUG_INFO = NO;
				MTL_FAST_MATH = YES;
				SDKROOT = iphoneos;
				SWIFT_COMPILATION_MODE = wholemodule;
				VALIDATE_PRODUCT = YES;
			};
			name = Release;
		};
		042391F52B4F037A00C981D4 /* Debug */ = {
			isa = XCBuildConfiguration;
			buildSettings = {
				ASSETCATALOG_COMPILER_APPICON_NAME = AppIcon;
				ASSETCATALOG_COMPILER_GLOBAL_ACCENT_COLOR_NAME = AccentColor;
				CODE_SIGN_STYLE = Automatic;
				CURRENT_PROJECT_VERSION = 1;
				DEVELOPMENT_ASSET_PATHS = "\"ClockApp/Preview Content\"";
				DEVELOPMENT_TEAM = 7856AK2647;
				ENABLE_PREVIEWS = YES;
				GENERATE_INFOPLIST_FILE = YES;
				INFOPLIST_KEY_UIApplicationSceneManifest_Generation = YES;
				INFOPLIST_KEY_UIApplicationSupportsIndirectInputEvents = YES;
				INFOPLIST_KEY_UILaunchScreen_Generation = YES;
				INFOPLIST_KEY_UISupportedInterfaceOrientations_iPad = "UIInterfaceOrientationPortrait UIInterfaceOrientationPortraitUpsideDown UIInterfaceOrientationLandscapeLeft UIInterfaceOrientationLandscapeRight";
				INFOPLIST_KEY_UISupportedInterfaceOrientations_iPhone = "UIInterfaceOrientationPortrait UIInterfaceOrientationLandscapeLeft UIInterfaceOrientationLandscapeRight";
				LD_RUNPATH_SEARCH_PATHS = (
					"$(inherited)",
					"@executable_path/Frameworks",
				);
				MARKETING_VERSION = 1.0;
				PRODUCT_BUNDLE_IDENTIFIER = waqasraza.itz.ClockApp;
				PRODUCT_NAME = "$(TARGET_NAME)";
				SWIFT_EMIT_LOC_STRINGS = YES;
				SWIFT_VERSION = 5.0;
				TARGETED_DEVICE_FAMILY = "1,2";
			};
			name = Debug;
		};
		042391F62B4F037A00C981D4 /* Release */ = {
			isa = XCBuildConfiguration;
			buildSettings = {
				ASSETCATALOG_COMPILER_APPICON_NAME = AppIcon;
				ASSETCATALOG_COMPILER_GLOBAL_ACCENT_COLOR_NAME = AccentColor;
				CODE_SIGN_STYLE = Automatic;
				CURRENT_PROJECT_VERSION = 1;
				DEVELOPMENT_ASSET_PATHS = "\"ClockApp/Preview Content\"";
				DEVELOPMENT_TEAM = 7856AK2647;
				ENABLE_PREVIEWS = YES;
				GENERATE_INFOPLIST_FILE = YES;
				INFOPLIST_KEY_UIApplicationSceneManifest_Generation = YES;
				INFOPLIST_KEY_UIApplicationSupportsIndirectInputEvents = YES;
				INFOPLIST_KEY_UILaunchScreen_Generation = YES;
				INFOPLIST_KEY_UISupportedInterfaceOrientations_iPad = "UIInterfaceOrientationPortrait UIInterfaceOrientationPortraitUpsideDown UIInterfaceOrientationLandscapeLeft UIInterfaceOrientationLandscapeRight";
				INFOPLIST_KEY_UISupportedInterfaceOrientations_iPhone = "UIInterfaceOrientationPortrait UIInterfaceOrientationLandscapeLeft UIInterfaceOrientationLandscapeRight";
				LD_RUNPATH_SEARCH_PATHS = (
					"$(inherited)",
					"@executable_path/Frameworks",
				);
				MARKETING_VERSION = 1.0;
				PRODUCT_BUNDLE_IDENTIFIER = waqasraza.itz.ClockApp;
				PRODUCT_NAME = "$(TARGET_NAME)";
				SWIFT_EMIT_LOC_STRINGS = YES;
				SWIFT_VERSION = 5.0;
				TARGETED_DEVICE_FAMILY = "1,2";
			};
			name = Release;
		};
/* End XCBuildConfiguration section */

/* Begin XCConfigurationList section */
		042391E12B4F037800C981D4 /* Build configuration list for PBXProject "ClockApp" */ = {
			isa = XCConfigurationList;
			buildConfigurations = (
				042391F22B4F037A00C981D4 /* Debug */,
				042391F32B4F037A00C981D4 /* Release */,
			);
			defaultConfigurationIsVisible = 0;
			defaultConfigurationName = Release;
		};
		042391F42B4F037A00C981D4 /* Build configuration list for PBXNativeTarget "ClockApp" */ = {
			isa = XCConfigurationList;
			buildConfigurations = (
				042391F52B4F037A00C981D4 /* Debug */,
				042391F62B4F037A00C981D4 /* Release */,
			);
			defaultConfigurationIsVisible = 0;
			defaultConfigurationName = Release;
		};
/* End XCConfigurationList section */
	};
	rootObject = 042391DE2B4F037800C981D4 /* Project object */;
}
